// !$*UTF8*$!
{
	archiveVersion = 1;
	classes = {
	};
	objectVersion = 56;
	objects = {

/* Begin PBXBuildFile section */
		30CBFB702A4DEDB700F3303C /* WeatherAppApp.swift in Sources */ = {isa = PBXBuildFile; fileRef = 30CBFB6F2A4DEDB700F3303C /* WeatherAppApp.swift */; };
		30CBFB722A4DEDB700F3303C /* ContentView.swift in Sources */ = {isa = PBXBuildFile; fileRef = 30CBFB712A4DEDB700F3303C /* ContentView.swift */; };
		30CBFB742A4DEDB800F3303C /* Assets.xcassets in Resources */ = {isa = PBXBuildFile; fileRef = 30CBFB732A4DEDB800F3303C /* Assets.xcassets */; };
		30CBFB772A4DEDB800F3303C /* Preview Assets.xcassets in Resources */ = {isa = PBXBuildFile; fileRef = 30CBFB762A4DEDB800F3303C /* Preview Assets.xcassets */; };
		30CBFB7E2A4E1B6E00F3303C /* WeatherViewModel.swift in Sources */ = {isa = PBXBuildFile; fileRef = 30CBFB7D2A4E1B6E00F3303C /* WeatherViewModel.swift */; };
		30CBFB802A4E272500F3303C /* WeatherModel.swift in Sources */ = {isa = PBXBuildFile; fileRef = 30CBFB7F2A4E272500F3303C /* WeatherModel.swift */; };
		30CBFB852A4EDE3900F3303C /* example.jpg in Resources */ = {isa = PBXBuildFile; fileRef = 30CBFB842A4EDE3900F3303C /* example.jpg */; };
		30CBFB872A4EE70C00F3303C /* ImageModel.swift in Sources */ = {isa = PBXBuildFile; fileRef = 30CBFB862A4EE70C00F3303C /* ImageModel.swift */; };
		30CBFB8B2A51D2F000F3303C /* ErrorView.swift in Sources */ = {isa = PBXBuildFile; fileRef = 30CBFB8A2A51D2F000F3303C /* ErrorView.swift */; };
		30CBFB8E2A51D34700F3303C /* LoadingView.swift in Sources */ = {isa = PBXBuildFile; fileRef = 30CBFB8D2A51D34700F3303C /* LoadingView.swift */; };
		30CBFB902A51DCA400F3303C /* APIError.swift in Sources */ = {isa = PBXBuildFile; fileRef = 30CBFB8F2A51DCA400F3303C /* APIError.swift */; };
		30CBFB922A51E58E00F3303C /* APIService.swift in Sources */ = {isa = PBXBuildFile; fileRef = 30CBFB912A51E58E00F3303C /* APIService.swift */; };
		30CBFB972A531CA500F3303C /* LocationManager.swift in Sources */ = {isa = PBXBuildFile; fileRef = 30CBFB962A531CA500F3303C /* LocationManager.swift */; };
/* End PBXBuildFile section */

/* Begin PBXFileReference section */
		30CBFB6C2A4DEDB700F3303C /* WeatherApp.app */ = {isa = PBXFileReference; explicitFileType = wrapper.application; includeInIndex = 0; path = WeatherApp.app; sourceTree = BUILT_PRODUCTS_DIR; };
		30CBFB6F2A4DEDB700F3303C /* WeatherAppApp.swift */ = {isa = PBXFileReference; lastKnownFileType = sourcecode.swift; path = WeatherAppApp.swift; sourceTree = "<group>"; };
		30CBFB712A4DEDB700F3303C /* ContentView.swift */ = {isa = PBXFileReference; lastKnownFileType = sourcecode.swift; path = ContentView.swift; sourceTree = "<group>"; };
		30CBFB732A4DEDB800F3303C /* Assets.xcassets */ = {isa = PBXFileReference; lastKnownFileType = folder.assetcatalog; path = Assets.xcassets; sourceTree = "<group>"; };
		30CBFB762A4DEDB800F3303C /* Preview Assets.xcassets */ = {isa = PBXFileReference; lastKnownFileType = folder.assetcatalog; path = "Preview Assets.xcassets"; sourceTree = "<group>"; };
		30CBFB7D2A4E1B6E00F3303C /* WeatherViewModel.swift */ = {isa = PBXFileReference; lastKnownFileType = sourcecode.swift; path = WeatherViewModel.swift; sourceTree = "<group>"; };
		30CBFB7F2A4E272500F3303C /* WeatherModel.swift */ = {isa = PBXFileReference; lastKnownFileType = sourcecode.swift; path = WeatherModel.swift; sourceTree = "<group>"; };
		30CBFB842A4EDE3900F3303C /* example.jpg */ = {isa = PBXFileReference; lastKnownFileType = image.jpeg; path = example.jpg; sourceTree = "<group>"; };
		30CBFB862A4EE70C00F3303C /* ImageModel.swift */ = {isa = PBXFileReference; lastKnownFileType = sourcecode.swift; path = ImageModel.swift; sourceTree = "<group>"; };
		30CBFB8A2A51D2F000F3303C /* ErrorView.swift */ = {isa = PBXFileReference; lastKnownFileType = sourcecode.swift; path = ErrorView.swift; sourceTree = "<group>"; };
		30CBFB8D2A51D34700F3303C /* LoadingView.swift */ = {isa = PBXFileReference; lastKnownFileType = sourcecode.swift; path = LoadingView.swift; sourceTree = "<group>"; };
		30CBFB8F2A51DCA400F3303C /* APIError.swift */ = {isa = PBXFileReference; lastKnownFileType = sourcecode.swift; path = APIError.swift; sourceTree = "<group>"; };
		30CBFB912A51E58E00F3303C /* APIService.swift */ = {isa = PBXFileReference; lastKnownFileType = sourcecode.swift; path = APIService.swift; sourceTree = "<group>"; };
		30CBFB952A5313FE00F3303C /* Info.plist */ = {isa = PBXFileReference; lastKnownFileType = text.plist; path = Info.plist; sourceTree = "<group>"; };
		30CBFB962A531CA500F3303C /* LocationManager.swift */ = {isa = PBXFileReference; lastKnownFileType = sourcecode.swift; path = LocationManager.swift; sourceTree = "<group>"; };
/* End PBXFileReference section */

/* Begin PBXFrameworksBuildPhase section */
		30CBFB692A4DEDB700F3303C /* Frameworks */ = {
			isa = PBXFrameworksBuildPhase;
			buildActionMask = 2147483647;
			files = (
			);
			runOnlyForDeploymentPostprocessing = 0;
		};
/* End PBXFrameworksBuildPhase section */

/* Begin PBXGroup section */
		3003A1172A55CC2300625AA8 /* ViewModel */ = {
			isa = PBXGroup;
			children = (
				30CBFB8F2A51DCA400F3303C /* APIError.swift */,
				30CBFB7D2A4E1B6E00F3303C /* WeatherViewModel.swift */,
				30CBFB962A531CA500F3303C /* LocationManager.swift */,
				30CBFB912A51E58E00F3303C /* APIService.swift */,
			);
			path = ViewModel;
			sourceTree = "<group>";
		};
		30CBFB632A4DEDB700F3303C = {
			isa = PBXGroup;
			children = (
				30CBFB6E2A4DEDB700F3303C /* WeatherApp */,
				30CBFB6D2A4DEDB700F3303C /* Products */,
			);
			sourceTree = "<group>";
		};
		30CBFB6D2A4DEDB700F3303C /* Products */ = {
			isa = PBXGroup;
			children = (
				30CBFB6C2A4DEDB700F3303C /* WeatherApp.app */,
			);
			name = Products;
			sourceTree = "<group>";
		};
		30CBFB6E2A4DEDB700F3303C /* WeatherApp */ = {
			isa = PBXGroup;
			children = (
				30CBFB952A5313FE00F3303C /* Info.plist */,
				30CBFB832A4E299600F3303C /* Services */,
				30CBFB6F2A4DEDB700F3303C /* WeatherAppApp.swift */,
				30CBFB8C2A51D2FC00F3303C /* View */,
				30CBFB982A543EEB00F3303C /* Model */,
				3003A1172A55CC2300625AA8 /* ViewModel */,
				30CBFB732A4DEDB800F3303C /* Assets.xcassets */,
				30CBFB842A4EDE3900F3303C /* example.jpg */,
				30CBFB752A4DEDB800F3303C /* Preview Content */,
			);
			path = WeatherApp;
			sourceTree = "<group>";
		};
		30CBFB752A4DEDB800F3303C /* Preview Content */ = {
			isa = PBXGroup;
			children = (
				30CBFB762A4DEDB800F3303C /* Preview Assets.xcassets */,
			);
			path = "Preview Content";
			sourceTree = "<group>";
		};
		30CBFB832A4E299600F3303C /* Services */ = {
			isa = PBXGroup;
			children = (
			);
			path = Services;
			sourceTree = "<group>";
		};
		30CBFB8C2A51D2FC00F3303C /* View */ = {
			isa = PBXGroup;
			children = (
				30CBFB8A2A51D2F000F3303C /* ErrorView.swift */,
				30CBFB712A4DEDB700F3303C /* ContentView.swift */,
				30CBFB8D2A51D34700F3303C /* LoadingView.swift */,
			);
			path = View;
			sourceTree = "<group>";
		};
		30CBFB982A543EEB00F3303C /* Model */ = {
			isa = PBXGroup;
			children = (
				30CBFB7F2A4E272500F3303C /* WeatherModel.swift */,
				30CBFB862A4EE70C00F3303C /* ImageModel.swift */,
			);
			path = Model;
			sourceTree = "<group>";
		};
/* End PBXGroup section */

/* Begin PBXNativeTarget section */
		30CBFB6B2A4DEDB700F3303C /* WeatherApp */ = {
			isa = PBXNativeTarget;
			buildConfigurationList = 30CBFB7A2A4DEDB800F3303C /* Build configuration list for PBXNativeTarget "WeatherApp" */;
			buildPhases = (
				306A19562A55DC7A0071745C /* Swiftlint */,
				30CBFB682A4DEDB700F3303C /* Sources */,
				30CBFB692A4DEDB700F3303C /* Frameworks */,
				30CBFB6A2A4DEDB700F3303C /* Resources */,
			);
			buildRules = (
			);
			dependencies = (
			);
			name = WeatherApp;
			productName = WeatherApp;
			productReference = 30CBFB6C2A4DEDB700F3303C /* WeatherApp.app */;
			productType = "com.apple.product-type.application";
		};
/* End PBXNativeTarget section */

/* Begin PBXProject section */
		30CBFB642A4DEDB700F3303C /* Project object */ = {
			isa = PBXProject;
			attributes = {
				BuildIndependentTargetsInParallel = 1;
				LastSwiftUpdateCheck = 1430;
				LastUpgradeCheck = 1430;
				TargetAttributes = {
					30CBFB6B2A4DEDB700F3303C = {
						CreatedOnToolsVersion = 14.3.1;
					};
				};
			};
			buildConfigurationList = 30CBFB672A4DEDB700F3303C /* Build configuration list for PBXProject "WeatherApp" */;
			compatibilityVersion = "Xcode 14.0";
			developmentRegion = en;
			hasScannedForEncodings = 0;
			knownRegions = (
				en,
				Base,
			);
			mainGroup = 30CBFB632A4DEDB700F3303C;
			productRefGroup = 30CBFB6D2A4DEDB700F3303C /* Products */;
			projectDirPath = "";
			projectRoot = "";
			targets = (
				30CBFB6B2A4DEDB700F3303C /* WeatherApp */,
			);
		};
/* End PBXProject section */

/* Begin PBXResourcesBuildPhase section */
		30CBFB6A2A4DEDB700F3303C /* Resources */ = {
			isa = PBXResourcesBuildPhase;
			buildActionMask = 2147483647;
			files = (
				30CBFB852A4EDE3900F3303C /* example.jpg in Resources */,
				30CBFB772A4DEDB800F3303C /* Preview Assets.xcassets in Resources */,
				30CBFB742A4DEDB800F3303C /* Assets.xcassets in Resources */,
			);
			runOnlyForDeploymentPostprocessing = 0;
		};
/* End PBXResourcesBuildPhase section */

/* Begin PBXShellScriptBuildPhase section */
		306A19562A55DC7A0071745C /* Swiftlint */ = {
			isa = PBXShellScriptBuildPhase;
			buildActionMask = 2147483647;
			files = (
			);
			inputFileListPaths = (
			);
			inputPaths = (
			);
			name = Swiftlint;
			outputFileListPaths = (
			);
			outputPaths = (
			);
			runOnlyForDeploymentPostprocessing = 0;
			shellPath = /bin/sh;
			shellScript = "if [[ \"$(uname -m)\" == arm64 ]]; then\n    export PATH=\"/opt/homebrew/bin:$PATH\"\nfi\n\nif which swiftlint > /dev/null; then\n  swiftlint --fix\nelse\n  echo \"warning: SwiftLint not installed, download from https://github.com/realm/SwiftLint\"\nfi\n";
		};
/* End PBXShellScriptBuildPhase section */

/* Begin PBXSourcesBuildPhase section */
		30CBFB682A4DEDB700F3303C /* Sources */ = {
			isa = PBXSourcesBuildPhase;
			buildActionMask = 2147483647;
			files = (
				30CBFB7E2A4E1B6E00F3303C /* WeatherViewModel.swift in Sources */,
				30CBFB8B2A51D2F000F3303C /* ErrorView.swift in Sources */,
				30CBFB972A531CA500F3303C /* LocationManager.swift in Sources */,
				30CBFB872A4EE70C00F3303C /* ImageModel.swift in Sources */,
				30CBFB722A4DEDB700F3303C /* ContentView.swift in Sources */,
				30CBFB8E2A51D34700F3303C /* LoadingView.swift in Sources */,
				30CBFB802A4E272500F3303C /* WeatherModel.swift in Sources */,
				30CBFB702A4DEDB700F3303C /* WeatherAppApp.swift in Sources */,
				30CBFB922A51E58E00F3303C /* APIService.swift in Sources */,
				30CBFB902A51DCA400F3303C /* APIError.swift in Sources */,
			);
			runOnlyForDeploymentPostprocessing = 0;
		};
/* End PBXSourcesBuildPhase section */

/* Begin XCBuildConfiguration section */
		30CBFB782A4DEDB800F3303C /* Debug */ = {
			isa = XCBuildConfiguration;
			buildSettings = {
				ALWAYS_SEARCH_USER_PATHS = NO;
				CLANG_ANALYZER_NONNULL = YES;
				CLANG_ANALYZER_NUMBER_OBJECT_CONVERSION = YES_AGGRESSIVE;
				CLANG_CXX_LANGUAGE_STANDARD = "gnu++20";
				CLANG_ENABLE_MODULES = YES;
				CLANG_ENABLE_OBJC_ARC = YES;
				CLANG_ENABLE_OBJC_WEAK = YES;
				CLANG_WARN_BLOCK_CAPTURE_AUTORELEASING = YES;
				CLANG_WARN_BOOL_CONVERSION = YES;
				CLANG_WARN_COMMA = YES;
				CLANG_WARN_CONSTANT_CONVERSION = YES;
				CLANG_WARN_DEPRECATED_OBJC_IMPLEMENTATIONS = YES;
				CLANG_WARN_DIRECT_OBJC_ISA_USAGE = YES_ERROR;
				CLANG_WARN_DOCUMENTATION_COMMENTS = YES;
				CLANG_WARN_EMPTY_BODY = YES;
				CLANG_WARN_ENUM_CONVERSION = YES;
				CLANG_WARN_INFINITE_RECURSION = YES;
				CLANG_WARN_INT_CONVERSION = YES;
				CLANG_WARN_NON_LITERAL_NULL_CONVERSION = YES;
				CLANG_WARN_OBJC_IMPLICIT_RETAIN_SELF = YES;
				CLANG_WARN_OBJC_LITERAL_CONVERSION = YES;
				CLANG_WARN_OBJC_ROOT_CLASS = YES_ERROR;
				CLANG_WARN_QUOTED_INCLUDE_IN_FRAMEWORK_HEADER = YES;
				CLANG_WARN_RANGE_LOOP_ANALYSIS = YES;
				CLANG_WARN_STRICT_PROTOTYPES = YES;
				CLANG_WARN_SUSPICIOUS_MOVE = YES;
				CLANG_WARN_UNGUARDED_AVAILABILITY = YES_AGGRESSIVE;
				CLANG_WARN_UNREACHABLE_CODE = YES;
				CLANG_WARN__DUPLICATE_METHOD_MATCH = YES;
				COPY_PHASE_STRIP = NO;
				DEBUG_INFORMATION_FORMAT = dwarf;
				ENABLE_STRICT_OBJC_MSGSEND = YES;
				ENABLE_TESTABILITY = YES;
				GCC_C_LANGUAGE_STANDARD = gnu11;
				GCC_DYNAMIC_NO_PIC = NO;
				GCC_NO_COMMON_BLOCKS = YES;
				GCC_OPTIMIZATION_LEVEL = 0;
				GCC_PREPROCESSOR_DEFINITIONS = (
					"DEBUG=1",
					"$(inherited)",
				);
				GCC_WARN_64_TO_32_BIT_CONVERSION = YES;
				GCC_WARN_ABOUT_RETURN_TYPE = YES_ERROR;
				GCC_WARN_UNDECLARED_SELECTOR = YES;
				GCC_WARN_UNINITIALIZED_AUTOS = YES_AGGRESSIVE;
				GCC_WARN_UNUSED_FUNCTION = YES;
				GCC_WARN_UNUSED_VARIABLE = YES;
				IPHONEOS_DEPLOYMENT_TARGET = 16.4;
				MTL_ENABLE_DEBUG_INFO = INCLUDE_SOURCE;
				MTL_FAST_MATH = YES;
				ONLY_ACTIVE_ARCH = YES;
				SDKROOT = iphoneos;
				SWIFT_ACTIVE_COMPILATION_CONDITIONS = DEBUG;
				SWIFT_OPTIMIZATION_LEVEL = "-Onone";
			};
			name = Debug;
		};
		30CBFB792A4DEDB800F3303C /* Release */ = {
			isa = XCBuildConfiguration;
			buildSettings = {
				ALWAYS_SEARCH_USER_PATHS = NO;
				CLANG_ANALYZER_NONNULL = YES;
				CLANG_ANALYZER_NUMBER_OBJECT_CONVERSION = YES_AGGRESSIVE;
				CLANG_CXX_LANGUAGE_STANDARD = "gnu++20";
				CLANG_ENABLE_MODULES = YES;
				CLANG_ENABLE_OBJC_ARC = YES;
				CLANG_ENABLE_OBJC_WEAK = YES;
				CLANG_WARN_BLOCK_CAPTURE_AUTORELEASING = YES;
				CLANG_WARN_BOOL_CONVERSION = YES;
				CLANG_WARN_COMMA = YES;
				CLANG_WARN_CONSTANT_CONVERSION = YES;
				CLANG_WARN_DEPRECATED_OBJC_IMPLEMENTATIONS = YES;
				CLANG_WARN_DIRECT_OBJC_ISA_USAGE = YES_ERROR;
				CLANG_WARN_DOCUMENTATION_COMMENTS = YES;
				CLANG_WARN_EMPTY_BODY = YES;
				CLANG_WARN_ENUM_CONVERSION = YES;
				CLANG_WARN_INFINITE_RECURSION = YES;
				CLANG_WARN_INT_CONVERSION = YES;
				CLANG_WARN_NON_LITERAL_NULL_CONVERSION = YES;
				CLANG_WARN_OBJC_IMPLICIT_RETAIN_SELF = YES;
				CLANG_WARN_OBJC_LITERAL_CONVERSION = YES;
				CLANG_WARN_OBJC_ROOT_CLASS = YES_ERROR;
				CLANG_WARN_QUOTED_INCLUDE_IN_FRAMEWORK_HEADER = YES;
				CLANG_WARN_RANGE_LOOP_ANALYSIS = YES;
				CLANG_WARN_STRICT_PROTOTYPES = YES;
				CLANG_WARN_SUSPICIOUS_MOVE = YES;
				CLANG_WARN_UNGUARDED_AVAILABILITY = YES_AGGRESSIVE;
				CLANG_WARN_UNREACHABLE_CODE = YES;
				CLANG_WARN__DUPLICATE_METHOD_MATCH = YES;
				COPY_PHASE_STRIP = NO;
				DEBUG_INFORMATION_FORMAT = "dwarf-with-dsym";
				ENABLE_NS_ASSERTIONS = NO;
				ENABLE_STRICT_OBJC_MSGSEND = YES;
				GCC_C_LANGUAGE_STANDARD = gnu11;
				GCC_NO_COMMON_BLOCKS = YES;
				GCC_WARN_64_TO_32_BIT_CONVERSION = YES;
				GCC_WARN_ABOUT_RETURN_TYPE = YES_ERROR;
				GCC_WARN_UNDECLARED_SELECTOR = YES;
				GCC_WARN_UNINITIALIZED_AUTOS = YES_AGGRESSIVE;
				GCC_WARN_UNUSED_FUNCTION = YES;
				GCC_WARN_UNUSED_VARIABLE = YES;
				IPHONEOS_DEPLOYMENT_TARGET = 16.4;
				MTL_ENABLE_DEBUG_INFO = NO;
				MTL_FAST_MATH = YES;
				SDKROOT = iphoneos;
				SWIFT_COMPILATION_MODE = wholemodule;
				SWIFT_OPTIMIZATION_LEVEL = "-O";
				VALIDATE_PRODUCT = YES;
			};
			name = Release;
		};
		30CBFB7B2A4DEDB800F3303C /* Debug */ = {
			isa = XCBuildConfiguration;
			buildSettings = {
				ASSETCATALOG_COMPILER_APPICON_NAME = AppIcon;
				ASSETCATALOG_COMPILER_GLOBAL_ACCENT_COLOR_NAME = AccentColor;
				CODE_SIGN_STYLE = Automatic;
				CURRENT_PROJECT_VERSION = 1;
				DEVELOPMENT_ASSET_PATHS = "\"WeatherApp/Preview Content\"";
				DEVELOPMENT_TEAM = RNQNWA79SV;
				ENABLE_PREVIEWS = YES;
				GENERATE_INFOPLIST_FILE = YES;
				INFOPLIST_FILE = WeatherApp/Info.plist;
				INFOPLIST_KEY_NSLocationWhenInUseUsageDescription = "This app requires your location to provide data";
				INFOPLIST_KEY_UIApplicationSceneManifest_Generation = YES;
				INFOPLIST_KEY_UIApplicationSupportsIndirectInputEvents = YES;
				INFOPLIST_KEY_UILaunchScreen_Generation = YES;
				INFOPLIST_KEY_UISupportedInterfaceOrientations_iPad = "UIInterfaceOrientationPortrait UIInterfaceOrientationPortraitUpsideDown UIInterfaceOrientationLandscapeLeft UIInterfaceOrientationLandscapeRight";
				INFOPLIST_KEY_UISupportedInterfaceOrientations_iPhone = "UIInterfaceOrientationPortrait UIInterfaceOrientationLandscapeLeft UIInterfaceOrientationLandscapeRight";
				LD_RUNPATH_SEARCH_PATHS = (
					"$(inherited)",
					"@executable_path/Frameworks",
				);
				MARKETING_VERSION = 1.0;
				PRODUCT_BUNDLE_IDENTIFIER = com.kaffka.WeatherApp;
				PRODUCT_NAME = "$(TARGET_NAME)";
				SWIFT_EMIT_LOC_STRINGS = YES;
				SWIFT_VERSION = 5.0;
				TARGETED_DEVICE_FAMILY = "1,2";
			};
			name = Debug;
		};
		30CBFB7C2A4DEDB800F3303C /* Release */ = {
			isa = XCBuildConfiguration;
			buildSettings = {
				ASSETCATALOG_COMPILER_APPICON_NAME = AppIcon;
				ASSETCATALOG_COMPILER_GLOBAL_ACCENT_COLOR_NAME = AccentColor;
				CODE_SIGN_STYLE = Automatic;
				CURRENT_PROJECT_VERSION = 1;
				DEVELOPMENT_ASSET_PATHS = "\"WeatherApp/Preview Content\"";
				DEVELOPMENT_TEAM = RNQNWA79SV;
				ENABLE_PREVIEWS = YES;
				GENERATE_INFOPLIST_FILE = YES;
				INFOPLIST_FILE = WeatherApp/Info.plist;
				INFOPLIST_KEY_NSLocationWhenInUseUsageDescription = "This app requires your location to provide data";
				INFOPLIST_KEY_UIApplicationSceneManifest_Generation = YES;
				INFOPLIST_KEY_UIApplicationSupportsIndirectInputEvents = YES;
				INFOPLIST_KEY_UILaunchScreen_Generation = YES;
				INFOPLIST_KEY_UISupportedInterfaceOrientations_iPad = "UIInterfaceOrientationPortrait UIInterfaceOrientationPortraitUpsideDown UIInterfaceOrientationLandscapeLeft UIInterfaceOrientationLandscapeRight";
				INFOPLIST_KEY_UISupportedInterfaceOrientations_iPhone = "UIInterfaceOrientationPortrait UIInterfaceOrientationLandscapeLeft UIInterfaceOrientationLandscapeRight";
				LD_RUNPATH_SEARCH_PATHS = (
					"$(inherited)",
					"@executable_path/Frameworks",
				);
				MARKETING_VERSION = 1.0;
				PRODUCT_BUNDLE_IDENTIFIER = com.kaffka.WeatherApp;
				PRODUCT_NAME = "$(TARGET_NAME)";
				SWIFT_EMIT_LOC_STRINGS = YES;
				SWIFT_VERSION = 5.0;
				TARGETED_DEVICE_FAMILY = "1,2";
			};
			name = Release;
		};
/* End XCBuildConfiguration section */

/* Begin XCConfigurationList section */
		30CBFB672A4DEDB700F3303C /* Build configuration list for PBXProject "WeatherApp" */ = {
			isa = XCConfigurationList;
			buildConfigurations = (
				30CBFB782A4DEDB800F3303C /* Debug */,
				30CBFB792A4DEDB800F3303C /* Release */,
			);
			defaultConfigurationIsVisible = 0;
			defaultConfigurationName = Release;
		};
		30CBFB7A2A4DEDB800F3303C /* Build configuration list for PBXNativeTarget "WeatherApp" */ = {
			isa = XCConfigurationList;
			buildConfigurations = (
				30CBFB7B2A4DEDB800F3303C /* Debug */,
				30CBFB7C2A4DEDB800F3303C /* Release */,
			);
			defaultConfigurationIsVisible = 0;
			defaultConfigurationName = Release;
		};
/* End XCConfigurationList section */
	};
	rootObject = 30CBFB642A4DEDB700F3303C /* Project object */;
}
